// !$*UTF8*$!
{
	archiveVersion = 1;
	classes = {
	};
	objectVersion = 55;
	objects = {

/* Begin PBXBuildFile section */
		0AD87B87282307FA00904E4E /* MuseView.swift in Sources */ = {isa = PBXBuildFile; fileRef = 0AD87B86282307FA00904E4E /* MuseView.swift */; };
		5C66C0932822ECCE00B66FF8 /* Model.xcdatamodeld in Sources */ = {isa = PBXBuildFile; fileRef = 5C66C0912822ECCE00B66FF8 /* Model.xcdatamodeld */; };
		5C66C0952822ECDA00B66FF8 /* PersistenceController.swift in Sources */ = {isa = PBXBuildFile; fileRef = 5C66C0942822ECDA00B66FF8 /* PersistenceController.swift */; };
		8DA05DA3282703A40005A514 /* NewsLetterListView.swift in Sources */ = {isa = PBXBuildFile; fileRef = 8DA05DA2282703A40005A514 /* NewsLetterListView.swift */; };
		8DA05DA7282704200005A514 /* NewsLetter.swift in Sources */ = {isa = PBXBuildFile; fileRef = 8DA05DA6282704200005A514 /* NewsLetter.swift */; };
		8DA05DAA282704490005A514 /* NewsLetterService.swift in Sources */ = {isa = PBXBuildFile; fileRef = 8DA05DA9282704490005A514 /* NewsLetterService.swift */; };
		8DA05DAD2827048C0005A514 /* newsletters.json in Resources */ = {isa = PBXBuildFile; fileRef = 8DA05DAC2827048C0005A514 /* newsletters.json */; };
		8DA05DAF282705590005A514 /* NewsLetterListViewModel.swift in Sources */ = {isa = PBXBuildFile; fileRef = 8DA05DAE282705590005A514 /* NewsLetterListViewModel.swift */; };
		8DA05DB1282709170005A514 /* View+Extensions.swift in Sources */ = {isa = PBXBuildFile; fileRef = 8DA05DB0282709170005A514 /* View+Extensions.swift */; };
		8DA05DB428270A4D0005A514 /* Constants.swift in Sources */ = {isa = PBXBuildFile; fileRef = 8DA05DB328270A4D0005A514 /* Constants.swift */; };
		BB3B3A952826DCBC0046DC4B /* AppReviewRequest.swift in Sources */ = {isa = PBXBuildFile; fileRef = BB3B3A942826DCBC0046DC4B /* AppReviewRequest.swift */; };
		C42E0620282859DC00C4D532 /* URL+Extensions.swift in Sources */ = {isa = PBXBuildFile; fileRef = C42E061F282859DC00C4D532 /* URL+Extensions.swift */; };
		C42E062228285DAC00C4D532 /* Contributor.swift in Sources */ = {isa = PBXBuildFile; fileRef = C42E062128285DAC00C4D532 /* Contributor.swift */; };
		C42E062428285E4800C4D532 /* ContributorsProvider.swift in Sources */ = {isa = PBXBuildFile; fileRef = C42E062328285E4800C4D532 /* ContributorsProvider.swift */; };
		D3CE07DD2823102600616F6C /* URLSession+APICall.swift in Sources */ = {isa = PBXBuildFile; fileRef = D3CE07DC2823102600616F6C /* URLSession+APICall.swift */; };
		D3CE07DF28231F8C00616F6C /* no-results-found.json in Resources */ = {isa = PBXBuildFile; fileRef = D3CE07DE28231F8C00616F6C /* no-results-found.json */; };
		D3CE07E22823203300616F6C /* Lottie in Frameworks */ = {isa = PBXBuildFile; productRef = D3CE07E12823203300616F6C /* Lottie */; };
		D3CE07E42823204B00616F6C /* LottieView.swift in Sources */ = {isa = PBXBuildFile; fileRef = D3CE07E32823204B00616F6C /* LottieView.swift */; };
		D3CE07E62823296A00616F6C /* View+Theme.swift in Sources */ = {isa = PBXBuildFile; fileRef = D3CE07E52823296A00616F6C /* View+Theme.swift */; };
		D3CE07E92823336300616F6C /* MuseViewModel.swift in Sources */ = {isa = PBXBuildFile; fileRef = D3CE07E82823336300616F6C /* MuseViewModel.swift */; };
		E334B3772822D5BD002E9640 /* Social_ContributorApp.swift in Sources */ = {isa = PBXBuildFile; fileRef = E334B3762822D5BD002E9640 /* Social_ContributorApp.swift */; };
		E334B3792822D5BD002E9640 /* ContentView.swift in Sources */ = {isa = PBXBuildFile; fileRef = E334B3782822D5BD002E9640 /* ContentView.swift */; };
		E334B37B2822D5BE002E9640 /* Assets.xcassets in Resources */ = {isa = PBXBuildFile; fileRef = E334B37A2822D5BE002E9640 /* Assets.xcassets */; };
		E334B37E2822D5BE002E9640 /* Preview Assets.xcassets in Resources */ = {isa = PBXBuildFile; fileRef = E334B37D2822D5BE002E9640 /* Preview Assets.xcassets */; };
		E73361CA2823FF39009D0D9B /* ColorScheme.swift in Sources */ = {isa = PBXBuildFile; fileRef = E73361C92823FF39009D0D9B /* ColorScheme.swift */; };
		FA0DC4312822F3D5009AC9CC /* SettingsView.swift in Sources */ = {isa = PBXBuildFile; fileRef = FA0DC4302822F3D5009AC9CC /* SettingsView.swift */; };
		FA0DC4332822F4E3009AC9CC /* SettingsLabelStyle.swift in Sources */ = {isa = PBXBuildFile; fileRef = FA0DC4322822F4E3009AC9CC /* SettingsLabelStyle.swift */; };
		FA0DC4362822F730009AC9CC /* String+BuildInfo.swift in Sources */ = {isa = PBXBuildFile; fileRef = FA0DC4352822F730009AC9CC /* String+BuildInfo.swift */; };
		FF2309D128255C6500C03D99 /* Social_ContributorTests.swift in Sources */ = {isa = PBXBuildFile; fileRef = FF2309D028255C6500C03D99 /* Social_ContributorTests.swift */; };
/* End PBXBuildFile section */

/* Begin PBXContainerItemProxy section */
		FF2309D228255C6500C03D99 /* PBXContainerItemProxy */ = {
			isa = PBXContainerItemProxy;
			containerPortal = E334B36B2822D5BD002E9640 /* Project object */;
			proxyType = 1;
			remoteGlobalIDString = E334B3722822D5BD002E9640;
			remoteInfo = "Social Contributor";
		};
/* End PBXContainerItemProxy section */

/* Begin PBXFileReference section */
		0AD87B86282307FA00904E4E /* MuseView.swift */ = {isa = PBXFileReference; lastKnownFileType = sourcecode.swift; path = MuseView.swift; sourceTree = "<group>"; };
		5C66C0922822ECCE00B66FF8 /* Model.xcdatamodel */ = {isa = PBXFileReference; lastKnownFileType = wrapper.xcdatamodel; path = Model.xcdatamodel; sourceTree = "<group>"; };
		5C66C0942822ECDA00B66FF8 /* PersistenceController.swift */ = {isa = PBXFileReference; lastKnownFileType = sourcecode.swift; path = PersistenceController.swift; sourceTree = "<group>"; };
		8DA05DA2282703A40005A514 /* NewsLetterListView.swift */ = {isa = PBXFileReference; lastKnownFileType = sourcecode.swift; path = NewsLetterListView.swift; sourceTree = "<group>"; };
		8DA05DA6282704200005A514 /* NewsLetter.swift */ = {isa = PBXFileReference; lastKnownFileType = sourcecode.swift; path = NewsLetter.swift; sourceTree = "<group>"; };
		8DA05DA9282704490005A514 /* NewsLetterService.swift */ = {isa = PBXFileReference; lastKnownFileType = sourcecode.swift; path = NewsLetterService.swift; sourceTree = "<group>"; };
		8DA05DAC2827048C0005A514 /* newsletters.json */ = {isa = PBXFileReference; lastKnownFileType = text.json; path = newsletters.json; sourceTree = "<group>"; };
		8DA05DAE282705590005A514 /* NewsLetterListViewModel.swift */ = {isa = PBXFileReference; lastKnownFileType = sourcecode.swift; path = NewsLetterListViewModel.swift; sourceTree = "<group>"; };
		8DA05DB0282709170005A514 /* View+Extensions.swift */ = {isa = PBXFileReference; lastKnownFileType = sourcecode.swift; path = "View+Extensions.swift"; sourceTree = "<group>"; };
		8DA05DB328270A4D0005A514 /* Constants.swift */ = {isa = PBXFileReference; lastKnownFileType = sourcecode.swift; path = Constants.swift; sourceTree = "<group>"; };
		BB3B3A942826DCBC0046DC4B /* AppReviewRequest.swift */ = {isa = PBXFileReference; lastKnownFileType = sourcecode.swift; path = AppReviewRequest.swift; sourceTree = "<group>"; };
		C42E061F282859DC00C4D532 /* URL+Extensions.swift */ = {isa = PBXFileReference; lastKnownFileType = sourcecode.swift; path = "URL+Extensions.swift"; sourceTree = "<group>"; };
		C42E062128285DAC00C4D532 /* Contributor.swift */ = {isa = PBXFileReference; lastKnownFileType = sourcecode.swift; path = Contributor.swift; sourceTree = "<group>"; };
		C42E062328285E4800C4D532 /* ContributorsProvider.swift */ = {isa = PBXFileReference; lastKnownFileType = sourcecode.swift; path = ContributorsProvider.swift; sourceTree = "<group>"; };
		D3CE07DC2823102600616F6C /* URLSession+APICall.swift */ = {isa = PBXFileReference; lastKnownFileType = sourcecode.swift; path = "URLSession+APICall.swift"; sourceTree = "<group>"; };
		D3CE07DE28231F8C00616F6C /* no-results-found.json */ = {isa = PBXFileReference; fileEncoding = 4; lastKnownFileType = text.json; path = "no-results-found.json"; sourceTree = "<group>"; };
		D3CE07E32823204B00616F6C /* LottieView.swift */ = {isa = PBXFileReference; lastKnownFileType = sourcecode.swift; path = LottieView.swift; sourceTree = "<group>"; };
		D3CE07E52823296A00616F6C /* View+Theme.swift */ = {isa = PBXFileReference; lastKnownFileType = sourcecode.swift; path = "View+Theme.swift"; sourceTree = "<group>"; };
		D3CE07E82823336300616F6C /* MuseViewModel.swift */ = {isa = PBXFileReference; lastKnownFileType = sourcecode.swift; path = MuseViewModel.swift; sourceTree = "<group>"; };
		E334B3732822D5BD002E9640 /* Social Contributor.app */ = {isa = PBXFileReference; explicitFileType = wrapper.application; includeInIndex = 0; path = "Social Contributor.app"; sourceTree = BUILT_PRODUCTS_DIR; };
		E334B3762822D5BD002E9640 /* Social_ContributorApp.swift */ = {isa = PBXFileReference; lastKnownFileType = sourcecode.swift; path = Social_ContributorApp.swift; sourceTree = "<group>"; };
		E334B3782822D5BD002E9640 /* ContentView.swift */ = {isa = PBXFileReference; lastKnownFileType = sourcecode.swift; path = ContentView.swift; sourceTree = "<group>"; };
		E334B37A2822D5BE002E9640 /* Assets.xcassets */ = {isa = PBXFileReference; lastKnownFileType = folder.assetcatalog; path = Assets.xcassets; sourceTree = "<group>"; };
		E334B37D2822D5BE002E9640 /* Preview Assets.xcassets */ = {isa = PBXFileReference; lastKnownFileType = folder.assetcatalog; path = "Preview Assets.xcassets"; sourceTree = "<group>"; };
		E73361C92823FF39009D0D9B /* ColorScheme.swift */ = {isa = PBXFileReference; lastKnownFileType = sourcecode.swift; path = ColorScheme.swift; sourceTree = "<group>"; };
		FA0DC4302822F3D5009AC9CC /* SettingsView.swift */ = {isa = PBXFileReference; lastKnownFileType = sourcecode.swift; path = SettingsView.swift; sourceTree = "<group>"; };
		FA0DC4322822F4E3009AC9CC /* SettingsLabelStyle.swift */ = {isa = PBXFileReference; lastKnownFileType = sourcecode.swift; path = SettingsLabelStyle.swift; sourceTree = "<group>"; };
		FA0DC4352822F730009AC9CC /* String+BuildInfo.swift */ = {isa = PBXFileReference; lastKnownFileType = sourcecode.swift; path = "String+BuildInfo.swift"; sourceTree = "<group>"; };
		FF2309CE28255C6500C03D99 /* Social ContributorTests.xctest */ = {isa = PBXFileReference; explicitFileType = wrapper.cfbundle; includeInIndex = 0; path = "Social ContributorTests.xctest"; sourceTree = BUILT_PRODUCTS_DIR; };
		FF2309D028255C6500C03D99 /* Social_ContributorTests.swift */ = {isa = PBXFileReference; lastKnownFileType = sourcecode.swift; path = Social_ContributorTests.swift; sourceTree = "<group>"; };
/* End PBXFileReference section */

/* Begin PBXFrameworksBuildPhase section */
		E334B3702822D5BD002E9640 /* Frameworks */ = {
			isa = PBXFrameworksBuildPhase;
			buildActionMask = 2147483647;
			files = (
				D3CE07E22823203300616F6C /* Lottie in Frameworks */,
			);
			runOnlyForDeploymentPostprocessing = 0;
		};
		FF2309CB28255C6500C03D99 /* Frameworks */ = {
			isa = PBXFrameworksBuildPhase;
			buildActionMask = 2147483647;
			files = (
			);
			runOnlyForDeploymentPostprocessing = 0;
		};
/* End PBXFrameworksBuildPhase section */

/* Begin PBXGroup section */
		5C66C0962822ECDD00B66FF8 /* CoreData */ = {
			isa = PBXGroup;
			children = (
				5C66C0912822ECCE00B66FF8 /* Model.xcdatamodeld */,
				5C66C0942822ECDA00B66FF8 /* PersistenceController.swift */,
			);
			path = CoreData;
			sourceTree = "<group>";
		};
		8DA05DA42827040D0005A514 /* Models */ = {
			isa = PBXGroup;
			children = (
				8DA05DA6282704200005A514 /* NewsLetter.swift */,
				C42E062128285DAC00C4D532 /* Contributor.swift */,
			);
			path = Models;
			sourceTree = "<group>";
		};
		8DA05DA5282704130005A514 /* View Models */ = {
			isa = PBXGroup;
			children = (
				8DA05DAE282705590005A514 /* NewsLetterListViewModel.swift */,
			);
			path = "View Models";
			sourceTree = "<group>";
		};
		8DA05DA82827043C0005A514 /* Services */ = {
			isa = PBXGroup;
			children = (
				8DA05DA9282704490005A514 /* NewsLetterService.swift */,
				C42E062328285E4800C4D532 /* ContributorsProvider.swift */,
			);
			path = Services;
			sourceTree = "<group>";
		};
		8DA05DAB282704790005A514 /* Resources */ = {
			isa = PBXGroup;
			children = (
				8DA05DAC2827048C0005A514 /* newsletters.json */,
			);
			path = Resources;
			sourceTree = "<group>";
		};
		8DA05DB228270A440005A514 /* Utils */ = {
			isa = PBXGroup;
			children = (
				8DA05DB328270A4D0005A514 /* Constants.swift */,
			);
			path = Utils;
			sourceTree = "<group>";
		};
		D3CE07E72823334C00616F6C /* MuseView */ = {
			isa = PBXGroup;
			children = (
				0AD87B86282307FA00904E4E /* MuseView.swift */,
				D3CE07E82823336300616F6C /* MuseViewModel.swift */,
			);
			path = MuseView;
			sourceTree = "<group>";
		};
		E334B36A2822D5BD002E9640 = {
			isa = PBXGroup;
			children = (
				E334B3752822D5BD002E9640 /* Social Contributor */,
				FF2309CF28255C6500C03D99 /* Social ContributorTests */,
				E334B3742822D5BD002E9640 /* Products */,
			);
			sourceTree = "<group>";
		};
		E334B3742822D5BD002E9640 /* Products */ = {
			isa = PBXGroup;
			children = (
				E334B3732822D5BD002E9640 /* Social Contributor.app */,
				FF2309CE28255C6500C03D99 /* Social ContributorTests.xctest */,
			);
			name = Products;
			sourceTree = "<group>";
		};
		E334B3752822D5BD002E9640 /* Social Contributor */ = {
			isa = PBXGroup;
			children = (
				8DA05DB228270A440005A514 /* Utils */,
				8DA05DAB282704790005A514 /* Resources */,
				8DA05DA82827043C0005A514 /* Services */,
				8DA05DA5282704130005A514 /* View Models */,
				8DA05DA42827040D0005A514 /* Models */,
				E73361C82823FF1E009D0D9B /* ColorScheme */,
				E334B3782822D5BD002E9640 /* ContentView.swift */,
				FA0DC4342822F727009AC9CC /* Extension */,
				FA0DC42F2822F3C7009AC9CC /* Screens */,
				5C66C0962822ECDD00B66FF8 /* CoreData */,
				E334B3762822D5BD002E9640 /* Social_ContributorApp.swift */,
				E334B37A2822D5BE002E9640 /* Assets.xcassets */,
				D3CE07DE28231F8C00616F6C /* no-results-found.json */,
				E334B37C2822D5BE002E9640 /* Preview Content */,
				BB3B3A942826DCBC0046DC4B /* AppReviewRequest.swift */,
			);
			path = "Social Contributor";
			sourceTree = "<group>";
		};
		E334B37C2822D5BE002E9640 /* Preview Content */ = {
			isa = PBXGroup;
			children = (
				E334B37D2822D5BE002E9640 /* Preview Assets.xcassets */,
			);
			path = "Preview Content";
			sourceTree = "<group>";
		};
		E73361C82823FF1E009D0D9B /* ColorScheme */ = {
			isa = PBXGroup;
			children = (
				E73361C92823FF39009D0D9B /* ColorScheme.swift */,
			);
			path = ColorScheme;
			sourceTree = "<group>";
		};
		FA0DC42F2822F3C7009AC9CC /* Screens */ = {
			isa = PBXGroup;
			children = (
				FA0DC4302822F3D5009AC9CC /* SettingsView.swift */,
				FA0DC4322822F4E3009AC9CC /* SettingsLabelStyle.swift */,
				D3CE07E72823334C00616F6C /* MuseView */,
				D3CE07E32823204B00616F6C /* LottieView.swift */,
				8DA05DA2282703A40005A514 /* NewsLetterListView.swift */,
			);
			path = Screens;
			sourceTree = "<group>";
		};
		FA0DC4342822F727009AC9CC /* Extension */ = {
			isa = PBXGroup;
			children = (
				FA0DC4352822F730009AC9CC /* String+BuildInfo.swift */,
				D3CE07DC2823102600616F6C /* URLSession+APICall.swift */,
				C42E061F282859DC00C4D532 /* URL+Extensions.swift */,
				D3CE07E52823296A00616F6C /* View+Theme.swift */,
				8DA05DB0282709170005A514 /* View+Extensions.swift */,
			);
			path = Extension;
			sourceTree = "<group>";
		};
		FF2309CF28255C6500C03D99 /* Social ContributorTests */ = {
			isa = PBXGroup;
			children = (
				FF2309D028255C6500C03D99 /* Social_ContributorTests.swift */,
			);
			path = "Social ContributorTests";
			sourceTree = "<group>";
		};
/* End PBXGroup section */

/* Begin PBXNativeTarget section */
		E334B3722822D5BD002E9640 /* Social Contributor */ = {
			isa = PBXNativeTarget;
			buildConfigurationList = E334B3812822D5BE002E9640 /* Build configuration list for PBXNativeTarget "Social Contributor" */;
			buildPhases = (
				E334B36F2822D5BD002E9640 /* Sources */,
				E334B3702822D5BD002E9640 /* Frameworks */,
				E334B3712822D5BD002E9640 /* Resources */,
				FFEA1CC428255F2500DF4A9C /* ShellScript */,
			);
			buildRules = (
			);
			dependencies = (
			);
			name = "Social Contributor";
			packageProductDependencies = (
				D3CE07E12823203300616F6C /* Lottie */,
			);
			productName = "Social Contributor";
			productReference = E334B3732822D5BD002E9640 /* Social Contributor.app */;
			productType = "com.apple.product-type.application";
		};
		FF2309CD28255C6500C03D99 /* Social ContributorTests */ = {
			isa = PBXNativeTarget;
			buildConfigurationList = FF2309D628255C6500C03D99 /* Build configuration list for PBXNativeTarget "Social ContributorTests" */;
			buildPhases = (
				FF2309CA28255C6500C03D99 /* Sources */,
				FF2309CB28255C6500C03D99 /* Frameworks */,
				FF2309CC28255C6500C03D99 /* Resources */,
			);
			buildRules = (
			);
			dependencies = (
				FF2309D328255C6500C03D99 /* PBXTargetDependency */,
			);
			name = "Social ContributorTests";
			productName = "Social ContributorTests";
			productReference = FF2309CE28255C6500C03D99 /* Social ContributorTests.xctest */;
			productType = "com.apple.product-type.bundle.unit-test";
		};
/* End PBXNativeTarget section */

/* Begin PBXProject section */
		E334B36B2822D5BD002E9640 /* Project object */ = {
			isa = PBXProject;
			attributes = {
				BuildIndependentTargetsInParallel = 1;
				LastSwiftUpdateCheck = 1330;
				LastUpgradeCheck = 1330;
				TargetAttributes = {
					E334B3722822D5BD002E9640 = {
						CreatedOnToolsVersion = 13.3.1;
					};
					FF2309CD28255C6500C03D99 = {
						CreatedOnToolsVersion = 13.3;
						TestTargetID = E334B3722822D5BD002E9640;
					};
				};
			};
			buildConfigurationList = E334B36E2822D5BD002E9640 /* Build configuration list for PBXProject "Social Contributor" */;
			compatibilityVersion = "Xcode 13.0";
			developmentRegion = en;
			hasScannedForEncodings = 0;
			knownRegions = (
				en,
				Base,
			);
			mainGroup = E334B36A2822D5BD002E9640;
			packageReferences = (
				D3CE07E02823203300616F6C /* XCRemoteSwiftPackageReference "lottie-ios" */,
			);
			productRefGroup = E334B3742822D5BD002E9640 /* Products */;
			projectDirPath = "";
			projectRoot = "";
			targets = (
				E334B3722822D5BD002E9640 /* Social Contributor */,
				FF2309CD28255C6500C03D99 /* Social ContributorTests */,
			);
		};
/* End PBXProject section */

/* Begin PBXResourcesBuildPhase section */
		E334B3712822D5BD002E9640 /* Resources */ = {
			isa = PBXResourcesBuildPhase;
			buildActionMask = 2147483647;
			files = (
				8DA05DAD2827048C0005A514 /* newsletters.json in Resources */,
				E334B37E2822D5BE002E9640 /* Preview Assets.xcassets in Resources */,
				E334B37B2822D5BE002E9640 /* Assets.xcassets in Resources */,
				D3CE07DF28231F8C00616F6C /* no-results-found.json in Resources */,
			);
			runOnlyForDeploymentPostprocessing = 0;
		};
		FF2309CC28255C6500C03D99 /* Resources */ = {
			isa = PBXResourcesBuildPhase;
			buildActionMask = 2147483647;
			files = (
			);
			runOnlyForDeploymentPostprocessing = 0;
		};
/* End PBXResourcesBuildPhase section */

/* Begin PBXShellScriptBuildPhase section */
		FFEA1CC428255F2500DF4A9C /* ShellScript */ = {
			isa = PBXShellScriptBuildPhase;
			buildActionMask = 2147483647;
			files = (
			);
			inputFileListPaths = (
			);
			inputPaths = (
			);
			outputFileListPaths = (
			);
			outputPaths = (
			);
			runOnlyForDeploymentPostprocessing = 0;
			shellPath = /bin/sh;
			shellScript = "# Type a script or drag a script file from your workspace to insert its path.\n\nexport PATH=\"$PATH:/opt/homebrew/bin\"\nif which swiftlint > /dev/null; then\n  swiftlint\nelse\n  echo \"warning: SwiftLint not installed, download from https://github.com/realm/SwiftLint\"\nfi\n";
		};
/* End PBXShellScriptBuildPhase section */

/* Begin PBXSourcesBuildPhase section */
		E334B36F2822D5BD002E9640 /* Sources */ = {
			isa = PBXSourcesBuildPhase;
			buildActionMask = 2147483647;
			files = (
				FA0DC4312822F3D5009AC9CC /* SettingsView.swift in Sources */,
				C42E0620282859DC00C4D532 /* URL+Extensions.swift in Sources */,
				E73361CA2823FF39009D0D9B /* ColorScheme.swift in Sources */,
				D3CE07E92823336300616F6C /* MuseViewModel.swift in Sources */,
				8DA05DA3282703A40005A514 /* NewsLetterListView.swift in Sources */,
				8DA05DAA282704490005A514 /* NewsLetterService.swift in Sources */,
				D3CE07DD2823102600616F6C /* URLSession+APICall.swift in Sources */,
				C42E062428285E4800C4D532 /* ContributorsProvider.swift in Sources */,
				D3CE07E62823296A00616F6C /* View+Theme.swift in Sources */,
				FA0DC4362822F730009AC9CC /* String+BuildInfo.swift in Sources */,
				E334B3792822D5BD002E9640 /* ContentView.swift in Sources */,
				8DA05DA7282704200005A514 /* NewsLetter.swift in Sources */,
				BB3B3A952826DCBC0046DC4B /* AppReviewRequest.swift in Sources */,
				8DA05DB1282709170005A514 /* View+Extensions.swift in Sources */,
				E334B3772822D5BD002E9640 /* Social_ContributorApp.swift in Sources */,
				5C66C0932822ECCE00B66FF8 /* Model.xcdatamodeld in Sources */,
				5C66C0952822ECDA00B66FF8 /* PersistenceController.swift in Sources */,
				8DA05DB428270A4D0005A514 /* Constants.swift in Sources */,
				D3CE07E42823204B00616F6C /* LottieView.swift in Sources */,
				0AD87B87282307FA00904E4E /* MuseView.swift in Sources */,
				FA0DC4332822F4E3009AC9CC /* SettingsLabelStyle.swift in Sources */,
				8DA05DAF282705590005A514 /* NewsLetterListViewModel.swift in Sources */,
				C42E062228285DAC00C4D532 /* Contributor.swift in Sources */,
			);
			runOnlyForDeploymentPostprocessing = 0;
		};
		FF2309CA28255C6500C03D99 /* Sources */ = {
			isa = PBXSourcesBuildPhase;
			buildActionMask = 2147483647;
			files = (
				FF2309D128255C6500C03D99 /* Social_ContributorTests.swift in Sources */,
			);
			runOnlyForDeploymentPostprocessing = 0;
		};
/* End PBXSourcesBuildPhase section */

/* Begin PBXTargetDependency section */
		FF2309D328255C6500C03D99 /* PBXTargetDependency */ = {
			isa = PBXTargetDependency;
			target = E334B3722822D5BD002E9640 /* Social Contributor */;
			targetProxy = FF2309D228255C6500C03D99 /* PBXContainerItemProxy */;
		};
/* End PBXTargetDependency section */

/* Begin XCBuildConfiguration section */
		E334B37F2822D5BE002E9640 /* Debug */ = {
			isa = XCBuildConfiguration;
			buildSettings = {
				ALWAYS_SEARCH_USER_PATHS = NO;
				CLANG_ANALYZER_NONNULL = YES;
				CLANG_ANALYZER_NUMBER_OBJECT_CONVERSION = YES_AGGRESSIVE;
				CLANG_CXX_LANGUAGE_STANDARD = "gnu++17";
				CLANG_ENABLE_MODULES = YES;
				CLANG_ENABLE_OBJC_ARC = YES;
				CLANG_ENABLE_OBJC_WEAK = YES;
				CLANG_WARN_BLOCK_CAPTURE_AUTORELEASING = YES;
				CLANG_WARN_BOOL_CONVERSION = YES;
				CLANG_WARN_COMMA = YES;
				CLANG_WARN_CONSTANT_CONVERSION = YES;
				CLANG_WARN_DEPRECATED_OBJC_IMPLEMENTATIONS = YES;
				CLANG_WARN_DIRECT_OBJC_ISA_USAGE = YES_ERROR;
				CLANG_WARN_DOCUMENTATION_COMMENTS = YES;
				CLANG_WARN_EMPTY_BODY = YES;
				CLANG_WARN_ENUM_CONVERSION = YES;
				CLANG_WARN_INFINITE_RECURSION = YES;
				CLANG_WARN_INT_CONVERSION = YES;
				CLANG_WARN_NON_LITERAL_NULL_CONVERSION = YES;
				CLANG_WARN_OBJC_IMPLICIT_RETAIN_SELF = YES;
				CLANG_WARN_OBJC_LITERAL_CONVERSION = YES;
				CLANG_WARN_OBJC_ROOT_CLASS = YES_ERROR;
				CLANG_WARN_QUOTED_INCLUDE_IN_FRAMEWORK_HEADER = YES;
				CLANG_WARN_RANGE_LOOP_ANALYSIS = YES;
				CLANG_WARN_STRICT_PROTOTYPES = YES;
				CLANG_WARN_SUSPICIOUS_MOVE = YES;
				CLANG_WARN_UNGUARDED_AVAILABILITY = YES_AGGRESSIVE;
				CLANG_WARN_UNREACHABLE_CODE = YES;
				CLANG_WARN__DUPLICATE_METHOD_MATCH = YES;
				COPY_PHASE_STRIP = NO;
				DEBUG_INFORMATION_FORMAT = dwarf;
				ENABLE_STRICT_OBJC_MSGSEND = YES;
				ENABLE_TESTABILITY = YES;
				GCC_C_LANGUAGE_STANDARD = gnu11;
				GCC_DYNAMIC_NO_PIC = NO;
				GCC_NO_COMMON_BLOCKS = YES;
				GCC_OPTIMIZATION_LEVEL = 0;
				GCC_PREPROCESSOR_DEFINITIONS = (
					"DEBUG=1",
					"$(inherited)",
				);
				GCC_WARN_64_TO_32_BIT_CONVERSION = YES;
				GCC_WARN_ABOUT_RETURN_TYPE = YES_ERROR;
				GCC_WARN_UNDECLARED_SELECTOR = YES;
				GCC_WARN_UNINITIALIZED_AUTOS = YES_AGGRESSIVE;
				GCC_WARN_UNUSED_FUNCTION = YES;
				GCC_WARN_UNUSED_VARIABLE = YES;
				IPHONEOS_DEPLOYMENT_TARGET = 15.4;
				MTL_ENABLE_DEBUG_INFO = INCLUDE_SOURCE;
				MTL_FAST_MATH = YES;
				ONLY_ACTIVE_ARCH = YES;
				SDKROOT = iphoneos;
				SWIFT_ACTIVE_COMPILATION_CONDITIONS = DEBUG;
				SWIFT_OPTIMIZATION_LEVEL = "-Onone";
			};
			name = Debug;
		};
		E334B3802822D5BE002E9640 /* Release */ = {
			isa = XCBuildConfiguration;
			buildSettings = {
				ALWAYS_SEARCH_USER_PATHS = NO;
				CLANG_ANALYZER_NONNULL = YES;
				CLANG_ANALYZER_NUMBER_OBJECT_CONVERSION = YES_AGGRESSIVE;
				CLANG_CXX_LANGUAGE_STANDARD = "gnu++17";
				CLANG_ENABLE_MODULES = YES;
				CLANG_ENABLE_OBJC_ARC = YES;
				CLANG_ENABLE_OBJC_WEAK = YES;
				CLANG_WARN_BLOCK_CAPTURE_AUTORELEASING = YES;
				CLANG_WARN_BOOL_CONVERSION = YES;
				CLANG_WARN_COMMA = YES;
				CLANG_WARN_CONSTANT_CONVERSION = YES;
				CLANG_WARN_DEPRECATED_OBJC_IMPLEMENTATIONS = YES;
				CLANG_WARN_DIRECT_OBJC_ISA_USAGE = YES_ERROR;
				CLANG_WARN_DOCUMENTATION_COMMENTS = YES;
				CLANG_WARN_EMPTY_BODY = YES;
				CLANG_WARN_ENUM_CONVERSION = YES;
				CLANG_WARN_INFINITE_RECURSION = YES;
				CLANG_WARN_INT_CONVERSION = YES;
				CLANG_WARN_NON_LITERAL_NULL_CONVERSION = YES;
				CLANG_WARN_OBJC_IMPLICIT_RETAIN_SELF = YES;
				CLANG_WARN_OBJC_LITERAL_CONVERSION = YES;
				CLANG_WARN_OBJC_ROOT_CLASS = YES_ERROR;
				CLANG_WARN_QUOTED_INCLUDE_IN_FRAMEWORK_HEADER = YES;
				CLANG_WARN_RANGE_LOOP_ANALYSIS = YES;
				CLANG_WARN_STRICT_PROTOTYPES = YES;
				CLANG_WARN_SUSPICIOUS_MOVE = YES;
				CLANG_WARN_UNGUARDED_AVAILABILITY = YES_AGGRESSIVE;
				CLANG_WARN_UNREACHABLE_CODE = YES;
				CLANG_WARN__DUPLICATE_METHOD_MATCH = YES;
				COPY_PHASE_STRIP = NO;
				DEBUG_INFORMATION_FORMAT = "dwarf-with-dsym";
				ENABLE_NS_ASSERTIONS = NO;
				ENABLE_STRICT_OBJC_MSGSEND = YES;
				GCC_C_LANGUAGE_STANDARD = gnu11;
				GCC_NO_COMMON_BLOCKS = YES;
				GCC_WARN_64_TO_32_BIT_CONVERSION = YES;
				GCC_WARN_ABOUT_RETURN_TYPE = YES_ERROR;
				GCC_WARN_UNDECLARED_SELECTOR = YES;
				GCC_WARN_UNINITIALIZED_AUTOS = YES_AGGRESSIVE;
				GCC_WARN_UNUSED_FUNCTION = YES;
				GCC_WARN_UNUSED_VARIABLE = YES;
				IPHONEOS_DEPLOYMENT_TARGET = 15.4;
				MTL_ENABLE_DEBUG_INFO = NO;
				MTL_FAST_MATH = YES;
				SDKROOT = iphoneos;
				SWIFT_COMPILATION_MODE = wholemodule;
				SWIFT_OPTIMIZATION_LEVEL = "-O";
				VALIDATE_PRODUCT = YES;
			};
			name = Release;
		};
		E334B3822822D5BE002E9640 /* Debug */ = {
			isa = XCBuildConfiguration;
			buildSettings = {
				ASSETCATALOG_COMPILER_APPICON_NAME = AppIcon;
				ASSETCATALOG_COMPILER_GLOBAL_ACCENT_COLOR_NAME = AccentColor;
				CODE_SIGN_STYLE = Automatic;
				CURRENT_PROJECT_VERSION = 1;
				DEVELOPMENT_ASSET_PATHS = "\"Social Contributor/Preview Content\"";
				DEVELOPMENT_TEAM = "";
				ENABLE_PREVIEWS = YES;
				GENERATE_INFOPLIST_FILE = YES;
				INFOPLIST_KEY_NSAppleMusicUsageDescription = "Social Contributer uses Music access to play music and create a pleasant experience.";
				INFOPLIST_KEY_UIApplicationSceneManifest_Generation = YES;
				INFOPLIST_KEY_UIApplicationSupportsIndirectInputEvents = YES;
				INFOPLIST_KEY_UILaunchScreen_Generation = YES;
				INFOPLIST_KEY_UISupportedInterfaceOrientations_iPad = "UIInterfaceOrientationPortrait UIInterfaceOrientationPortraitUpsideDown UIInterfaceOrientationLandscapeLeft UIInterfaceOrientationLandscapeRight";
				INFOPLIST_KEY_UISupportedInterfaceOrientations_iPhone = "UIInterfaceOrientationPortrait UIInterfaceOrientationLandscapeLeft UIInterfaceOrientationLandscapeRight";
				LD_RUNPATH_SEARCH_PATHS = (
					"$(inherited)",
					"@executable_path/Frameworks",
				);
				MARKETING_VERSION = 1.0;
				PRODUCT_BUNDLE_IDENTIFIER = "com.swiftlyrush.Social-Contributor";
				PRODUCT_NAME = "$(TARGET_NAME)";
				SWIFT_EMIT_LOC_STRINGS = YES;
				SWIFT_VERSION = 5.0;
				TARGETED_DEVICE_FAMILY = "1,2";
			};
			name = Debug;
		};
		E334B3832822D5BE002E9640 /* Release */ = {
			isa = XCBuildConfiguration;
			buildSettings = {
				ASSETCATALOG_COMPILER_APPICON_NAME = AppIcon;
				ASSETCATALOG_COMPILER_GLOBAL_ACCENT_COLOR_NAME = AccentColor;
				CODE_SIGN_STYLE = Automatic;
				CURRENT_PROJECT_VERSION = 1;
				DEVELOPMENT_ASSET_PATHS = "\"Social Contributor/Preview Content\"";
				DEVELOPMENT_TEAM = "";
				ENABLE_PREVIEWS = YES;
				GENERATE_INFOPLIST_FILE = YES;
				INFOPLIST_KEY_NSAppleMusicUsageDescription = "Social Contributer uses Music access to play music and create a pleasant experience.";
				INFOPLIST_KEY_UIApplicationSceneManifest_Generation = YES;
				INFOPLIST_KEY_UIApplicationSupportsIndirectInputEvents = YES;
				INFOPLIST_KEY_UILaunchScreen_Generation = YES;
				INFOPLIST_KEY_UISupportedInterfaceOrientations_iPad = "UIInterfaceOrientationPortrait UIInterfaceOrientationPortraitUpsideDown UIInterfaceOrientationLandscapeLeft UIInterfaceOrientationLandscapeRight";
				INFOPLIST_KEY_UISupportedInterfaceOrientations_iPhone = "UIInterfaceOrientationPortrait UIInterfaceOrientationLandscapeLeft UIInterfaceOrientationLandscapeRight";
				LD_RUNPATH_SEARCH_PATHS = (
					"$(inherited)",
					"@executable_path/Frameworks",
				);
				MARKETING_VERSION = 1.0;
				PRODUCT_BUNDLE_IDENTIFIER = "com.swiftlyrush.Social-Contributor";
				PRODUCT_NAME = "$(TARGET_NAME)";
				SWIFT_EMIT_LOC_STRINGS = YES;
				SWIFT_VERSION = 5.0;
				TARGETED_DEVICE_FAMILY = "1,2";
			};
			name = Release;
		};
		FF2309D428255C6500C03D99 /* Debug */ = {
			isa = XCBuildConfiguration;
			buildSettings = {
				BUNDLE_LOADER = "$(TEST_HOST)";
				CODE_SIGN_STYLE = Automatic;
				CURRENT_PROJECT_VERSION = 1;
				DEVELOPMENT_TEAM = Y535846H6P;
				GENERATE_INFOPLIST_FILE = YES;
				MARKETING_VERSION = 1.0;
				PRODUCT_BUNDLE_IDENTIFIER = "com.swiftlyrush.Social-Contributor.Social-ContributorTests";
				PRODUCT_NAME = "$(TARGET_NAME)";
				SWIFT_EMIT_LOC_STRINGS = NO;
				SWIFT_VERSION = 5.0;
				TARGETED_DEVICE_FAMILY = "1,2";
				TEST_HOST = "$(BUILT_PRODUCTS_DIR)/Social Contributor.app/Social Contributor";
			};
			name = Debug;
		};
		FF2309D528255C6500C03D99 /* Release */ = {
			isa = XCBuildConfiguration;
			buildSettings = {
				BUNDLE_LOADER = "$(TEST_HOST)";
				CODE_SIGN_STYLE = Automatic;
				CURRENT_PROJECT_VERSION = 1;
				DEVELOPMENT_TEAM = Y535846H6P;
				GENERATE_INFOPLIST_FILE = YES;
				MARKETING_VERSION = 1.0;
				PRODUCT_BUNDLE_IDENTIFIER = "com.swiftlyrush.Social-Contributor.Social-ContributorTests";
				PRODUCT_NAME = "$(TARGET_NAME)";
				SWIFT_EMIT_LOC_STRINGS = NO;
				SWIFT_VERSION = 5.0;
				TARGETED_DEVICE_FAMILY = "1,2";
				TEST_HOST = "$(BUILT_PRODUCTS_DIR)/Social Contributor.app/Social Contributor";
			};
			name = Release;
		};
/* End XCBuildConfiguration section */

/* Begin XCConfigurationList section */
		E334B36E2822D5BD002E9640 /* Build configuration list for PBXProject "Social Contributor" */ = {
			isa = XCConfigurationList;
			buildConfigurations = (
				E334B37F2822D5BE002E9640 /* Debug */,
				E334B3802822D5BE002E9640 /* Release */,
			);
			defaultConfigurationIsVisible = 0;
			defaultConfigurationName = Release;
		};
		E334B3812822D5BE002E9640 /* Build configuration list for PBXNativeTarget "Social Contributor" */ = {
			isa = XCConfigurationList;
			buildConfigurations = (
				E334B3822822D5BE002E9640 /* Debug */,
				E334B3832822D5BE002E9640 /* Release */,
			);
			defaultConfigurationIsVisible = 0;
			defaultConfigurationName = Release;
		};
		FF2309D628255C6500C03D99 /* Build configuration list for PBXNativeTarget "Social ContributorTests" */ = {
			isa = XCConfigurationList;
			buildConfigurations = (
				FF2309D428255C6500C03D99 /* Debug */,
				FF2309D528255C6500C03D99 /* Release */,
			);
			defaultConfigurationIsVisible = 0;
			defaultConfigurationName = Release;
		};
/* End XCConfigurationList section */

/* Begin XCRemoteSwiftPackageReference section */
		D3CE07E02823203300616F6C /* XCRemoteSwiftPackageReference "lottie-ios" */ = {
			isa = XCRemoteSwiftPackageReference;
			repositoryURL = "https://github.com/airbnb/lottie-ios";
			requirement = {
				kind = upToNextMajorVersion;
				minimumVersion = 3.0.0;
			};
		};
/* End XCRemoteSwiftPackageReference section */

/* Begin XCSwiftPackageProductDependency section */
		D3CE07E12823203300616F6C /* Lottie */ = {
			isa = XCSwiftPackageProductDependency;
			package = D3CE07E02823203300616F6C /* XCRemoteSwiftPackageReference "lottie-ios" */;
			productName = Lottie;
		};
/* End XCSwiftPackageProductDependency section */

/* Begin XCVersionGroup section */
		5C66C0912822ECCE00B66FF8 /* Model.xcdatamodeld */ = {
			isa = XCVersionGroup;
			children = (
				5C66C0922822ECCE00B66FF8 /* Model.xcdatamodel */,
			);
			currentVersion = 5C66C0922822ECCE00B66FF8 /* Model.xcdatamodel */;
			path = Model.xcdatamodeld;
			sourceTree = "<group>";
			versionGroupType = wrapper.xcdatamodel;
		};
/* End XCVersionGroup section */
	};
	rootObject = E334B36B2822D5BD002E9640 /* Project object */;
}
